
Microsoft Visual Studio Solution File, Format Version 12.00
# Visual Studio Version 16
VisualStudioVersion = 16.0.30104.148
MinimumVisualStudioVersion = 10.0.40219.1
Project("{FAE04EC0-301F-11D3-BF4B-00C04F79EFBC}") = "CodeBlog", "CodeBlog\CodeBlog.csproj", "{B87326C0-C831-4178-B8AB-A460425DEB32}"
EndProject
Global
	GlobalSection(SolutionConfigurationPlatforms) = preSolution
		Debug|Any CPU = Debug|Any CPU
		Release|Any CPU = Release|Any CPU
	EndGlobalSection
	GlobalSection(ProjectConfigurationPlatforms) = postSolution
		{B87326C0-C831-4178-B8AB-A460425DEB32}.Debug|Any CPU.ActiveCfg = Debug|Any CPU
		{B87326C0-C831-4178-B8AB-A460425DEB32}.Debug|Any CPU.Build.0 = Debug|Any CPU
		{B87326C0-C831-4178-B8AB-A460425DEB32}.Release|Any CPU.ActiveCfg = Release|Any CPU
		{B87326C0-C831-4178-B8AB-A460425DEB32}.Release|Any CPU.Build.0 = Release|Any CPU
	EndGlobalSection
	GlobalSection(SolutionProperties) = preSolution
		HideSolutionNode = FALSE
	EndGlobalSection
	GlobalSection(ExtensibilityGlobals) = postSolution
		SolutionGuid = {087A04A4-684B-419B-A021-A6A5D5B0F1B9}
	EndGlobalSection
EndGlobal
